{
  "name": "hello-node",
  "version": "0.0.1",
  "lockfileVersion": 2,
  "requires": true,
  "packages": {
    "": {
      "name": "hello-node",
      "version": "0.0.1",
      "license": "MIT",
      "dependencies": {
        "uWebSockets.js": "github:uNetworking/uWebSockets.js#v19.2.0"
      },
      "engines": {
        "node": "14.x"
      }
    },
    "node_modules/uWebSockets.js": {
      "version": "19.2.0",
      "resolved": "git+ssh://git@github.com/uNetworking/uWebSockets.js.git#77b1761c5a23ac6a5c2adf2bd808be0ae6b5000a"
    }
  },
  "dependencies": {
    "uWebSockets.js": {
      "version": "git+ssh://git@github.com/uNetworking/uWebSockets.js.git#77b1761c5a23ac6a5c2adf2bd808be0ae6b5000a",
      "from": "uWebSockets.js@github:uNetworking/uWebSockets.js#v19.2.0"
    }
  }
}
